
Microsoft Visual Studio Solution File, Format Version 12.00
# Visual Studio Version 17
VisualStudioVersion = 17.9.34728.123
MinimumVisualStudioVersion = 10.0.40219.1
Project("{9A19103F-16F7-4668-BE54-9A1E7A4F7556}") = "BugSpotterBE", "BugSpotterBE.csproj", "{43327112-D539-4CD8-B316-8F5074E2C82B}"
EndProject
Global
	GlobalSection(SolutionConfigurationPlatforms) = preSolution
		Debug|Any CPU = Debug|Any CPU
		Release|Any CPU = Release|Any CPU
	EndGlobalSection
	GlobalSection(ProjectConfigurationPlatforms) = postSolution
		{43327112-D539-4CD8-B316-8F5074E2C82B}.Debug|Any CPU.ActiveCfg = Debug|Any CPU
		{43327112-D539-4CD8-B316-8F5074E2C82B}.Debug|Any CPU.Build.0 = Debug|Any CPU
		{43327112-D539-4CD8-B316-8F5074E2C82B}.Release|Any CPU.ActiveCfg = Release|Any CPU
		{43327112-D539-4CD8-B316-8F5074E2C82B}.Release|Any CPU.Build.0 = Release|Any CPU
	EndGlobalSection
	GlobalSection(SolutionProperties) = preSolution
		HideSolutionNode = FALSE
	EndGlobalSection
	GlobalSection(ExtensibilityGlobals) = postSolution
		SolutionGuid = {7C5706D6-3DFE-4F4D-B1F5-BF2ADEFA8E12}
	EndGlobalSection
EndGlobal
